
Microsoft Visual Studio Solution File, Format Version 12.00
# Visual Studio 15
Project("{FAE04EC0-301F-11D3-BF4B-00C04F79EFBC}") = "vrchat.jordo.easyquestswitch", "vrchat.jordo.easyquestswitch.csproj", "{43861E1B-E92D-3865-BEC4-67AD0135026B}"
EndProject
Project("{FAE04EC0-301F-11D3-BF4B-00C04F79EFBC}") = "VRC.Udon.Serialization.OdinSerializer", "VRC.Udon.Serialization.OdinSerializer.csproj", "{AE868974-6A5D-D6AB-2932-A782644204F1}"
EndProject
Project("{FAE04EC0-301F-11D3-BF4B-00C04F79EFBC}") = "UdonSharp.Editor", "UdonSharp.Editor.csproj", "{38B23576-2634-C9F5-954C-21045C0AB2E6}"
EndProject
Project("{FAE04EC0-301F-11D3-BF4B-00C04F79EFBC}") = "uDesktopDuplication.Runtime", "uDesktopDuplication.Runtime.csproj", "{030BBE35-03FA-61C8-15EB-7873AB6A00D5}"
EndProject
Project("{FAE04EC0-301F-11D3-BF4B-00C04F79EFBC}") = "VRC.Udon.Editor", "VRC.Udon.Editor.csproj", "{780693BB-0F83-FBE8-4F93-B1DDE6347948}"
EndProject
Project("{FAE04EC0-301F-11D3-BF4B-00C04F79EFBC}") = "ThryAssemblyDefinition", "ThryAssemblyDefinition.csproj", "{D1D441C2-EA70-63C9-C1DE-8F39D933B77C}"
EndProject
Project("{FAE04EC0-301F-11D3-BF4B-00C04F79EFBC}") = "VRC.SDKBase.Editor", "VRC.SDKBase.Editor.csproj", "{4EFAB75E-32DA-714C-CD5C-C3DBBD993C38}"
EndProject
Project("{FAE04EC0-301F-11D3-BF4B-00C04F79EFBC}") = "ArchiTech.Umbrella.Runtime", "ArchiTech.Umbrella.Runtime.csproj", "{B9E793A2-D6D0-A2B7-4D47-F067382940E3}"
EndProject
Project("{FAE04EC0-301F-11D3-BF4B-00C04F79EFBC}") = "UniTask", "UniTask.csproj", "{DE291932-30DE-0567-8DD4-BEB4A1E0F477}"
EndProject
Project("{FAE04EC0-301F-11D3-BF4B-00C04F79EFBC}") = "VRC.ClientSim", "VRC.ClientSim.csproj", "{53BCF391-9D4D-C592-C866-B8E4D814B302}"
EndProject
Project("{FAE04EC0-301F-11D3-BF4B-00C04F79EFBC}") = "UniTask.Linq", "UniTask.Linq.csproj", "{C7ABD93F-EA9D-F43E-FB9D-1298370E8E99}"
EndProject
Project("{FAE04EC0-301F-11D3-BF4B-00C04F79EFBC}") = "VRC.SDKBase", "VRC.SDKBase.csproj", "{F4B839E0-AF15-9E9C-9BA9-F58F36283A3C}"
EndProject
Project("{FAE04EC0-301F-11D3-BF4B-00C04F79EFBC}") = "Assembly-CSharp-Editor", "Assembly-CSharp-Editor.csproj", "{B060B1D0-1866-EF20-3D91-F0747359B283}"
EndProject
Project("{FAE04EC0-301F-11D3-BF4B-00C04F79EFBC}") = "VRC.ClientSim.Editor", "VRC.ClientSim.Editor.csproj", "{45545FA4-B49D-21A7-024D-515C70B739DC}"
EndProject
Project("{FAE04EC0-301F-11D3-BF4B-00C04F79EFBC}") = "VRC.SDK3", "VRC.SDK3.csproj", "{87AD2839-2A95-3479-B1A8-1D7AA4081D94}"
EndProject
Project("{FAE04EC0-301F-11D3-BF4B-00C04F79EFBC}") = "ArchiTech.SDK.Editor", "ArchiTech.SDK.Editor.csproj", "{AE243BF7-0011-01A3-F773-2F771F670A85}"
EndProject
Project("{FAE04EC0-301F-11D3-BF4B-00C04F79EFBC}") = "Poi.Tools", "Poi.Tools.csproj", "{85E938EE-C201-FB14-AFCF-5BE9B531ABDE}"
EndProject
Project("{FAE04EC0-301F-11D3-BF4B-00C04F79EFBC}") = "ArchiTech.ProTV.Runtime", "ArchiTech.ProTV.Runtime.csproj", "{6E63AE40-6612-72C6-E8F1-97B635E579B0}"
EndProject
Project("{FAE04EC0-301F-11D3-BF4B-00C04F79EFBC}") = "AVProVideo.Demos", "AVProVideo.Demos.csproj", "{38637040-6806-D76C-878D-B6D975D25B24}"
EndProject
Project("{FAE04EC0-301F-11D3-BF4B-00C04F79EFBC}") = "UniTask.DOTween", "UniTask.DOTween.csproj", "{AE4D03CB-D16D-9456-2114-53C9966B817D}"
EndProject
Project("{FAE04EC0-301F-11D3-BF4B-00C04F79EFBC}") = "VRC.SDK3.Editor", "VRC.SDK3.Editor.csproj", "{413D8B95-1D46-B889-766D-79E6F1661D61}"
EndProject
Project("{FAE04EC0-301F-11D3-BF4B-00C04F79EFBC}") = "Poiyomi.ModularShaderSystem", "Poiyomi.ModularShaderSystem.csproj", "{C82E5BE9-8F9D-9BAC-A1F6-F2F47337EA7E}"
EndProject
Project("{FAE04EC0-301F-11D3-BF4B-00C04F79EFBC}") = "ArchiTech.ProTV.Editor", "ArchiTech.ProTV.Editor.csproj", "{422F585A-8275-6CA1-FA22-7251B5B25EB7}"
EndProject
Project("{FAE04EC0-301F-11D3-BF4B-00C04F79EFBC}") = "UnityEditorTests", "UnityEditorTests.csproj", "{5C696AAE-669C-FA1E-7033-B35966860431}"
EndProject
Project("{FAE04EC0-301F-11D3-BF4B-00C04F79EFBC}") = "AVProVideo.Editor", "AVProVideo.Editor.csproj", "{1CDB35CA-3815-5968-F8A2-EFF9213F6B89}"
EndProject
Project("{FAE04EC0-301F-11D3-BF4B-00C04F79EFBC}") = "AudioLink", "AudioLink.csproj", "{B7DD17AD-2257-E389-BBF6-61137F0798BF}"
EndProject
Project("{FAE04EC0-301F-11D3-BF4B-00C04F79EFBC}") = "Assembly-CSharp", "Assembly-CSharp.csproj", "{F2E9E74B-C47F-CA59-1A1C-6D6DA920CB5A}"
EndProject
Project("{FAE04EC0-301F-11D3-BF4B-00C04F79EFBC}") = "AVProVideo.Runtime", "AVProVideo.Runtime.csproj", "{EC114133-21B1-971C-8AF6-4978827595AA}"
EndProject
Project("{FAE04EC0-301F-11D3-BF4B-00C04F79EFBC}") = "VRSL.Core", "VRSL.Core.csproj", "{41A8446C-A444-A331-74CD-A780427ECD8A}"
EndProject
Project("{FAE04EC0-301F-11D3-BF4B-00C04F79EFBC}") = "AudioLink.Editor", "AudioLink.Editor.csproj", "{317B1C07-306D-1FF4-3D4F-B608E73961C3}"
EndProject
Project("{FAE04EC0-301F-11D3-BF4B-00C04F79EFBC}") = "VRWorldToolkit.Editor", "VRWorldToolkit.Editor.csproj", "{ABD196E0-77DA-4E06-ECCD-2B7AF76621FF}"
EndProject
Project("{FAE04EC0-301F-11D3-BF4B-00C04F79EFBC}") = "VRC.Udon", "VRC.Udon.csproj", "{B4757784-7FF4-0383-EDB1-10DECE7ACE24}"
EndProject
Project("{FAE04EC0-301F-11D3-BF4B-00C04F79EFBC}") = "VRSL.Editor", "VRSL.Editor.csproj", "{361C6F86-DD88-E242-D250-3E0473FA369A}"
EndProject
Project("{FAE04EC0-301F-11D3-BF4B-00C04F79EFBC}") = "ArchiTech.VideoPlayerShim.Editor", "ArchiTech.VideoPlayerShim.Editor.csproj", "{80041890-CC57-0CDC-C22A-8BED8F0D50A1}"
EndProject
Project("{FAE04EC0-301F-11D3-BF4B-00C04F79EFBC}") = "ArchiTech.Umbrella.Editor", "ArchiTech.Umbrella.Editor.csproj", "{EC4D3FF7-76FE-BF73-278D-7BB9F93D4051}"
EndProject
Project("{FAE04EC0-301F-11D3-BF4B-00C04F79EFBC}") = "com.vrchat.core.vpm-resolver.Editor", "com.vrchat.core.vpm-resolver.Editor.csproj", "{A996CA2F-E234-B42B-EDF8-A9AFFD50E192}"
EndProject
Project("{FAE04EC0-301F-11D3-BF4B-00C04F79EFBC}") = "VRC.SDKBase.Editor.ShaderStripping", "VRC.SDKBase.Editor.ShaderStripping.csproj", "{BB672088-2E58-E836-0CB1-3DA8C20BDE55}"
EndProject
Project("{FAE04EC0-301F-11D3-BF4B-00C04F79EFBC}") = "ArchiTech.SDK.Runtime", "ArchiTech.SDK.Runtime.csproj", "{D272B99F-0B49-B0BB-3CA5-266B0960B26F}"
EndProject
Project("{FAE04EC0-301F-11D3-BF4B-00C04F79EFBC}") = "ArchiTech.ProTV.Extras.Runtime", "ArchiTech.ProTV.Extras.Runtime.csproj", "{CE796DB9-B91B-BFDB-6FB3-0DAB91A06152}"
EndProject
Project("{FAE04EC0-301F-11D3-BF4B-00C04F79EFBC}") = "UdonSharp.Runtime", "UdonSharp.Runtime.csproj", "{7AE3A84B-C491-8CEB-DEEE-D6234EAEBF1D}"
EndProject
Project("{FAE04EC0-301F-11D3-BF4B-00C04F79EFBC}") = "UniTask.Editor", "UniTask.Editor.csproj", "{3CC8BACA-10CB-265A-BF37-4F3C234412F2}"
EndProject
Project("{FAE04EC0-301F-11D3-BF4B-00C04F79EFBC}") = "UdonSharp.Lib", "UdonSharp.Lib.csproj", "{D13658AE-EF48-2E19-06E4-3A294916A4FD}"
EndProject
Project("{FAE04EC0-301F-11D3-BF4B-00C04F79EFBC}") = "ArchiTech.ProTV.Extras.Editor", "ArchiTech.ProTV.Extras.Editor.csproj", "{3B5BDDF2-62F1-02EF-7BCB-70C59A9E1EA0}"
EndProject
Project("{FAE04EC0-301F-11D3-BF4B-00C04F79EFBC}") = "VRC.SDKBase.Editor.BuildPipeline", "VRC.SDKBase.Editor.BuildPipeline.csproj", "{43C1DC1D-231D-57AC-EBAB-C15377647CD0}"
EndProject
Project("{FAE04EC0-301F-11D3-BF4B-00C04F79EFBC}") = "vrchat.jordo.easyquestswitch.Editor", "vrchat.jordo.easyquestswitch.Editor.csproj", "{D2B652CD-370B-D46E-95B5-6930B6FCF6EA}"
EndProject
Project("{FAE04EC0-301F-11D3-BF4B-00C04F79EFBC}") = "AVProVideo.Extensions.Timeline", "AVProVideo.Extensions.Timeline.csproj", "{E91EC12E-6852-48E0-1F4C-B609BC34939D}"
EndProject
Project("{FAE04EC0-301F-11D3-BF4B-00C04F79EFBC}") = "AVProVideo.Extensions.VisualEffectGraph", "AVProVideo.Extensions.VisualEffectGraph.csproj", "{42B88C79-1FBD-3C2C-6FF3-1BC2FF5CCA28}"
EndProject
Project("{FAE04EC0-301F-11D3-BF4B-00C04F79EFBC}") = "ArchiTech.VideoPlayerShim.Runtime", "ArchiTech.VideoPlayerShim.Runtime.csproj", "{14B92AA7-B754-DC02-7DEA-771C26B89721}"
EndProject
Project("{FAE04EC0-301F-11D3-BF4B-00C04F79EFBC}") = "UniTask.Addressables", "UniTask.Addressables.csproj", "{21F16EF0-C2B0-21CD-C24C-0E2E2B215313}"
EndProject
Project("{FAE04EC0-301F-11D3-BF4B-00C04F79EFBC}") = "Runtime", "Runtime.csproj", "{370056E8-BC8F-409C-20F5-02A68BA0E2CE}"
EndProject
Project("{FAE04EC0-301F-11D3-BF4B-00C04F79EFBC}") = "AVProVideo.Extensions.UnityUI", "AVProVideo.Extensions.UnityUI.csproj", "{002BC88B-5C73-034C-7662-52A1A381A277}"
EndProject
Project("{FAE04EC0-301F-11D3-BF4B-00C04F79EFBC}") = "uDesktopDuplication.Editor", "uDesktopDuplication.Editor.csproj", "{08EFA1FC-6459-B8B8-8BBE-5A3690D131A1}"
EndProject
Project("{FAE04EC0-301F-11D3-BF4B-00C04F79EFBC}") = "UniTask.TextMeshPro", "UniTask.TextMeshPro.csproj", "{FC1C79BD-D3AB-B1A1-E4A7-5449FF6F30C6}"
EndProject
Project("{FAE04EC0-301F-11D3-BF4B-00C04F79EFBC}") = "ArchiTech.VideoPlayerShim.ImportHandler", "ArchiTech.VideoPlayerShim.ImportHandler.csproj", "{3A4C6286-034D-1C1D-C58C-4937F5823BC3}"
EndProject
Project("{FAE04EC0-301F-11D3-BF4B-00C04F79EFBC}") = "AVProVideo.Extensions.UnityUI.Editor", "AVProVideo.Extensions.UnityUI.Editor.csproj", "{2EC48608-1666-C382-C948-BC46CD7285D0}"
EndProject
Global
	GlobalSection(SolutionConfigurationPlatforms) = preSolution
		Debug|Any CPU = Debug|Any CPU
		Release|Any CPU = Release|Any CPU
	EndGlobalSection
	GlobalSection(ProjectConfigurationPlatforms) = postSolution
		{43861E1B-E92D-3865-BEC4-67AD0135026B}.Debug|Any CPU.ActiveCfg = Debug|Any CPU
		{43861E1B-E92D-3865-BEC4-67AD0135026B}.Debug|Any CPU.Build.0 = Debug|Any CPU
		{43861E1B-E92D-3865-BEC4-67AD0135026B}.Release|Any CPU.ActiveCfg = Release|Any CPU
		{43861E1B-E92D-3865-BEC4-67AD0135026B}.Release|Any CPU.Build.0 = Release|Any CPU
		{AE868974-6A5D-D6AB-2932-A782644204F1}.Debug|Any CPU.ActiveCfg = Debug|Any CPU
		{AE868974-6A5D-D6AB-2932-A782644204F1}.Debug|Any CPU.Build.0 = Debug|Any CPU
		{AE868974-6A5D-D6AB-2932-A782644204F1}.Release|Any CPU.ActiveCfg = Release|Any CPU
		{AE868974-6A5D-D6AB-2932-A782644204F1}.Release|Any CPU.Build.0 = Release|Any CPU
		{38B23576-2634-C9F5-954C-21045C0AB2E6}.Debug|Any CPU.ActiveCfg = Debug|Any CPU
		{38B23576-2634-C9F5-954C-21045C0AB2E6}.Debug|Any CPU.Build.0 = Debug|Any CPU
		{38B23576-2634-C9F5-954C-21045C0AB2E6}.Release|Any CPU.ActiveCfg = Release|Any CPU
		{38B23576-2634-C9F5-954C-21045C0AB2E6}.Release|Any CPU.Build.0 = Release|Any CPU
		{030BBE35-03FA-61C8-15EB-7873AB6A00D5}.Debug|Any CPU.ActiveCfg = Debug|Any CPU
		{030BBE35-03FA-61C8-15EB-7873AB6A00D5}.Debug|Any CPU.Build.0 = Debug|Any CPU
		{030BBE35-03FA-61C8-15EB-7873AB6A00D5}.Release|Any CPU.ActiveCfg = Release|Any CPU
		{030BBE35-03FA-61C8-15EB-7873AB6A00D5}.Release|Any CPU.Build.0 = Release|Any CPU
		{780693BB-0F83-FBE8-4F93-B1DDE6347948}.Debug|Any CPU.ActiveCfg = Debug|Any CPU
		{780693BB-0F83-FBE8-4F93-B1DDE6347948}.Debug|Any CPU.Build.0 = Debug|Any CPU
		{780693BB-0F83-FBE8-4F93-B1DDE6347948}.Release|Any CPU.ActiveCfg = Release|Any CPU
		{780693BB-0F83-FBE8-4F93-B1DDE6347948}.Release|Any CPU.Build.0 = Release|Any CPU
		{D1D441C2-EA70-63C9-C1DE-8F39D933B77C}.Debug|Any CPU.ActiveCfg = Debug|Any CPU
		{D1D441C2-EA70-63C9-C1DE-8F39D933B77C}.Debug|Any CPU.Build.0 = Debug|Any CPU
		{D1D441C2-EA70-63C9-C1DE-8F39D933B77C}.Release|Any CPU.ActiveCfg = Release|Any CPU
		{D1D441C2-EA70-63C9-C1DE-8F39D933B77C}.Release|Any CPU.Build.0 = Release|Any CPU
		{4EFAB75E-32DA-714C-CD5C-C3DBBD993C38}.Debug|Any CPU.ActiveCfg = Debug|Any CPU
		{4EFAB75E-32DA-714C-CD5C-C3DBBD993C38}.Debug|Any CPU.Build.0 = Debug|Any CPU
		{4EFAB75E-32DA-714C-CD5C-C3DBBD993C38}.Release|Any CPU.ActiveCfg = Release|Any CPU
		{4EFAB75E-32DA-714C-CD5C-C3DBBD993C38}.Release|Any CPU.Build.0 = Release|Any CPU
		{B9E793A2-D6D0-A2B7-4D47-F067382940E3}.Debug|Any CPU.ActiveCfg = Debug|Any CPU
		{B9E793A2-D6D0-A2B7-4D47-F067382940E3}.Debug|Any CPU.Build.0 = Debug|Any CPU
		{B9E793A2-D6D0-A2B7-4D47-F067382940E3}.Release|Any CPU.ActiveCfg = Release|Any CPU
		{B9E793A2-D6D0-A2B7-4D47-F067382940E3}.Release|Any CPU.Build.0 = Release|Any CPU
		{DE291932-30DE-0567-8DD4-BEB4A1E0F477}.Debug|Any CPU.ActiveCfg = Debug|Any CPU
		{DE291932-30DE-0567-8DD4-BEB4A1E0F477}.Debug|Any CPU.Build.0 = Debug|Any CPU
		{DE291932-30DE-0567-8DD4-BEB4A1E0F477}.Release|Any CPU.ActiveCfg = Release|Any CPU
		{DE291932-30DE-0567-8DD4-BEB4A1E0F477}.Release|Any CPU.Build.0 = Release|Any CPU
		{53BCF391-9D4D-C592-C866-B8E4D814B302}.Debug|Any CPU.ActiveCfg = Debug|Any CPU
		{53BCF391-9D4D-C592-C866-B8E4D814B302}.Debug|Any CPU.Build.0 = Debug|Any CPU
		{53BCF391-9D4D-C592-C866-B8E4D814B302}.Release|Any CPU.ActiveCfg = Release|Any CPU
		{53BCF391-9D4D-C592-C866-B8E4D814B302}.Release|Any CPU.Build.0 = Release|Any CPU
		{C7ABD93F-EA9D-F43E-FB9D-1298370E8E99}.Debug|Any CPU.ActiveCfg = Debug|Any CPU
		{C7ABD93F-EA9D-F43E-FB9D-1298370E8E99}.Debug|Any CPU.Build.0 = Debug|Any CPU
		{C7ABD93F-EA9D-F43E-FB9D-1298370E8E99}.Release|Any CPU.ActiveCfg = Release|Any CPU
		{C7ABD93F-EA9D-F43E-FB9D-1298370E8E99}.Release|Any CPU.Build.0 = Release|Any CPU
		{F4B839E0-AF15-9E9C-9BA9-F58F36283A3C}.Debug|Any CPU.ActiveCfg = Debug|Any CPU
		{F4B839E0-AF15-9E9C-9BA9-F58F36283A3C}.Debug|Any CPU.Build.0 = Debug|Any CPU
		{F4B839E0-AF15-9E9C-9BA9-F58F36283A3C}.Release|Any CPU.ActiveCfg = Release|Any CPU
		{F4B839E0-AF15-9E9C-9BA9-F58F36283A3C}.Release|Any CPU.Build.0 = Release|Any CPU
		{B060B1D0-1866-EF20-3D91-F0747359B283}.Debug|Any CPU.ActiveCfg = Debug|Any CPU
		{B060B1D0-1866-EF20-3D91-F0747359B283}.Debug|Any CPU.Build.0 = Debug|Any CPU
		{B060B1D0-1866-EF20-3D91-F0747359B283}.Release|Any CPU.ActiveCfg = Release|Any CPU
		{B060B1D0-1866-EF20-3D91-F0747359B283}.Release|Any CPU.Build.0 = Release|Any CPU
		{45545FA4-B49D-21A7-024D-515C70B739DC}.Debug|Any CPU.ActiveCfg = Debug|Any CPU
		{45545FA4-B49D-21A7-024D-515C70B739DC}.Debug|Any CPU.Build.0 = Debug|Any CPU
		{45545FA4-B49D-21A7-024D-515C70B739DC}.Release|Any CPU.ActiveCfg = Release|Any CPU
		{45545FA4-B49D-21A7-024D-515C70B739DC}.Release|Any CPU.Build.0 = Release|Any CPU
		{87AD2839-2A95-3479-B1A8-1D7AA4081D94}.Debug|Any CPU.ActiveCfg = Debug|Any CPU
		{87AD2839-2A95-3479-B1A8-1D7AA4081D94}.Debug|Any CPU.Build.0 = Debug|Any CPU
		{87AD2839-2A95-3479-B1A8-1D7AA4081D94}.Release|Any CPU.ActiveCfg = Release|Any CPU
		{87AD2839-2A95-3479-B1A8-1D7AA4081D94}.Release|Any CPU.Build.0 = Release|Any CPU
		{AE243BF7-0011-01A3-F773-2F771F670A85}.Debug|Any CPU.ActiveCfg = Debug|Any CPU
		{AE243BF7-0011-01A3-F773-2F771F670A85}.Debug|Any CPU.Build.0 = Debug|Any CPU
		{AE243BF7-0011-01A3-F773-2F771F670A85}.Release|Any CPU.ActiveCfg = Release|Any CPU
		{AE243BF7-0011-01A3-F773-2F771F670A85}.Release|Any CPU.Build.0 = Release|Any CPU
		{85E938EE-C201-FB14-AFCF-5BE9B531ABDE}.Debug|Any CPU.ActiveCfg = Debug|Any CPU
		{85E938EE-C201-FB14-AFCF-5BE9B531ABDE}.Debug|Any CPU.Build.0 = Debug|Any CPU
		{85E938EE-C201-FB14-AFCF-5BE9B531ABDE}.Release|Any CPU.ActiveCfg = Release|Any CPU
		{85E938EE-C201-FB14-AFCF-5BE9B531ABDE}.Release|Any CPU.Build.0 = Release|Any CPU
		{6E63AE40-6612-72C6-E8F1-97B635E579B0}.Debug|Any CPU.ActiveCfg = Debug|Any CPU
		{6E63AE40-6612-72C6-E8F1-97B635E579B0}.Debug|Any CPU.Build.0 = Debug|Any CPU
		{6E63AE40-6612-72C6-E8F1-97B635E579B0}.Release|Any CPU.ActiveCfg = Release|Any CPU
		{6E63AE40-6612-72C6-E8F1-97B635E579B0}.Release|Any CPU.Build.0 = Release|Any CPU
		{38637040-6806-D76C-878D-B6D975D25B24}.Debug|Any CPU.ActiveCfg = Debug|Any CPU
		{38637040-6806-D76C-878D-B6D975D25B24}.Debug|Any CPU.Build.0 = Debug|Any CPU
		{38637040-6806-D76C-878D-B6D975D25B24}.Release|Any CPU.ActiveCfg = Release|Any CPU
		{38637040-6806-D76C-878D-B6D975D25B24}.Release|Any CPU.Build.0 = Release|Any CPU
		{AE4D03CB-D16D-9456-2114-53C9966B817D}.Debug|Any CPU.ActiveCfg = Debug|Any CPU
		{AE4D03CB-D16D-9456-2114-53C9966B817D}.Debug|Any CPU.Build.0 = Debug|Any CPU
		{AE4D03CB-D16D-9456-2114-53C9966B817D}.Release|Any CPU.ActiveCfg = Release|Any CPU
		{AE4D03CB-D16D-9456-2114-53C9966B817D}.Release|Any CPU.Build.0 = Release|Any CPU
		{413D8B95-1D46-B889-766D-79E6F1661D61}.Debug|Any CPU.ActiveCfg = Debug|Any CPU
		{413D8B95-1D46-B889-766D-79E6F1661D61}.Debug|Any CPU.Build.0 = Debug|Any CPU
		{413D8B95-1D46-B889-766D-79E6F1661D61}.Release|Any CPU.ActiveCfg = Release|Any CPU
		{413D8B95-1D46-B889-766D-79E6F1661D61}.Release|Any CPU.Build.0 = Release|Any CPU
		{C82E5BE9-8F9D-9BAC-A1F6-F2F47337EA7E}.Debug|Any CPU.ActiveCfg = Debug|Any CPU
		{C82E5BE9-8F9D-9BAC-A1F6-F2F47337EA7E}.Debug|Any CPU.Build.0 = Debug|Any CPU
		{C82E5BE9-8F9D-9BAC-A1F6-F2F47337EA7E}.Release|Any CPU.ActiveCfg = Release|Any CPU
		{C82E5BE9-8F9D-9BAC-A1F6-F2F47337EA7E}.Release|Any CPU.Build.0 = Release|Any CPU
		{422F585A-8275-6CA1-FA22-7251B5B25EB7}.Debug|Any CPU.ActiveCfg = Debug|Any CPU
		{422F585A-8275-6CA1-FA22-7251B5B25EB7}.Debug|Any CPU.Build.0 = Debug|Any CPU
		{422F585A-8275-6CA1-FA22-7251B5B25EB7}.Release|Any CPU.ActiveCfg = Release|Any CPU
		{422F585A-8275-6CA1-FA22-7251B5B25EB7}.Release|Any CPU.Build.0 = Release|Any CPU
		{5C696AAE-669C-FA1E-7033-B35966860431}.Debug|Any CPU.ActiveCfg = Debug|Any CPU
		{5C696AAE-669C-FA1E-7033-B35966860431}.Debug|Any CPU.Build.0 = Debug|Any CPU
		{5C696AAE-669C-FA1E-7033-B35966860431}.Release|Any CPU.ActiveCfg = Release|Any CPU
		{5C696AAE-669C-FA1E-7033-B35966860431}.Release|Any CPU.Build.0 = Release|Any CPU
		{1CDB35CA-3815-5968-F8A2-EFF9213F6B89}.Debug|Any CPU.ActiveCfg = Debug|Any CPU
		{1CDB35CA-3815-5968-F8A2-EFF9213F6B89}.Debug|Any CPU.Build.0 = Debug|Any CPU
		{1CDB35CA-3815-5968-F8A2-EFF9213F6B89}.Release|Any CPU.ActiveCfg = Release|Any CPU
		{1CDB35CA-3815-5968-F8A2-EFF9213F6B89}.Release|Any CPU.Build.0 = Release|Any CPU
		{B7DD17AD-2257-E389-BBF6-61137F0798BF}.Debug|Any CPU.ActiveCfg = Debug|Any CPU
		{B7DD17AD-2257-E389-BBF6-61137F0798BF}.Debug|Any CPU.Build.0 = Debug|Any CPU
		{B7DD17AD-2257-E389-BBF6-61137F0798BF}.Release|Any CPU.ActiveCfg = Release|Any CPU
		{B7DD17AD-2257-E389-BBF6-61137F0798BF}.Release|Any CPU.Build.0 = Release|Any CPU
		{F2E9E74B-C47F-CA59-1A1C-6D6DA920CB5A}.Debug|Any CPU.ActiveCfg = Debug|Any CPU
		{F2E9E74B-C47F-CA59-1A1C-6D6DA920CB5A}.Debug|Any CPU.Build.0 = Debug|Any CPU
		{F2E9E74B-C47F-CA59-1A1C-6D6DA920CB5A}.Release|Any CPU.ActiveCfg = Release|Any CPU
		{F2E9E74B-C47F-CA59-1A1C-6D6DA920CB5A}.Release|Any CPU.Build.0 = Release|Any CPU
		{EC114133-21B1-971C-8AF6-4978827595AA}.Debug|Any CPU.ActiveCfg = Debug|Any CPU
		{EC114133-21B1-971C-8AF6-4978827595AA}.Debug|Any CPU.Build.0 = Debug|Any CPU
		{EC114133-21B1-971C-8AF6-4978827595AA}.Release|Any CPU.ActiveCfg = Release|Any CPU
		{EC114133-21B1-971C-8AF6-4978827595AA}.Release|Any CPU.Build.0 = Release|Any CPU
		{41A8446C-A444-A331-74CD-A780427ECD8A}.Debug|Any CPU.ActiveCfg = Debug|Any CPU
		{41A8446C-A444-A331-74CD-A780427ECD8A}.Debug|Any CPU.Build.0 = Debug|Any CPU
		{41A8446C-A444-A331-74CD-A780427ECD8A}.Release|Any CPU.ActiveCfg = Release|Any CPU
		{41A8446C-A444-A331-74CD-A780427ECD8A}.Release|Any CPU.Build.0 = Release|Any CPU
		{317B1C07-306D-1FF4-3D4F-B608E73961C3}.Debug|Any CPU.ActiveCfg = Debug|Any CPU
		{317B1C07-306D-1FF4-3D4F-B608E73961C3}.Debug|Any CPU.Build.0 = Debug|Any CPU
		{317B1C07-306D-1FF4-3D4F-B608E73961C3}.Release|Any CPU.ActiveCfg = Release|Any CPU
		{317B1C07-306D-1FF4-3D4F-B608E73961C3}.Release|Any CPU.Build.0 = Release|Any CPU
		{ABD196E0-77DA-4E06-ECCD-2B7AF76621FF}.Debug|Any CPU.ActiveCfg = Debug|Any CPU
		{ABD196E0-77DA-4E06-ECCD-2B7AF76621FF}.Debug|Any CPU.Build.0 = Debug|Any CPU
		{ABD196E0-77DA-4E06-ECCD-2B7AF76621FF}.Release|Any CPU.ActiveCfg = Release|Any CPU
		{ABD196E0-77DA-4E06-ECCD-2B7AF76621FF}.Release|Any CPU.Build.0 = Release|Any CPU
		{B4757784-7FF4-0383-EDB1-10DECE7ACE24}.Debug|Any CPU.ActiveCfg = Debug|Any CPU
		{B4757784-7FF4-0383-EDB1-10DECE7ACE24}.Debug|Any CPU.Build.0 = Debug|Any CPU
		{B4757784-7FF4-0383-EDB1-10DECE7ACE24}.Release|Any CPU.ActiveCfg = Release|Any CPU
		{B4757784-7FF4-0383-EDB1-10DECE7ACE24}.Release|Any CPU.Build.0 = Release|Any CPU
		{361C6F86-DD88-E242-D250-3E0473FA369A}.Debug|Any CPU.ActiveCfg = Debug|Any CPU
		{361C6F86-DD88-E242-D250-3E0473FA369A}.Debug|Any CPU.Build.0 = Debug|Any CPU
		{361C6F86-DD88-E242-D250-3E0473FA369A}.Release|Any CPU.ActiveCfg = Release|Any CPU
		{361C6F86-DD88-E242-D250-3E0473FA369A}.Release|Any CPU.Build.0 = Release|Any CPU
		{80041890-CC57-0CDC-C22A-8BED8F0D50A1}.Debug|Any CPU.ActiveCfg = Debug|Any CPU
		{80041890-CC57-0CDC-C22A-8BED8F0D50A1}.Debug|Any CPU.Build.0 = Debug|Any CPU
		{80041890-CC57-0CDC-C22A-8BED8F0D50A1}.Release|Any CPU.ActiveCfg = Release|Any CPU
		{80041890-CC57-0CDC-C22A-8BED8F0D50A1}.Release|Any CPU.Build.0 = Release|Any CPU
		{EC4D3FF7-76FE-BF73-278D-7BB9F93D4051}.Debug|Any CPU.ActiveCfg = Debug|Any CPU
		{EC4D3FF7-76FE-BF73-278D-7BB9F93D4051}.Debug|Any CPU.Build.0 = Debug|Any CPU
		{EC4D3FF7-76FE-BF73-278D-7BB9F93D4051}.Release|Any CPU.ActiveCfg = Release|Any CPU
		{EC4D3FF7-76FE-BF73-278D-7BB9F93D4051}.Release|Any CPU.Build.0 = Release|Any CPU
		{A996CA2F-E234-B42B-EDF8-A9AFFD50E192}.Debug|Any CPU.ActiveCfg = Debug|Any CPU
		{A996CA2F-E234-B42B-EDF8-A9AFFD50E192}.Debug|Any CPU.Build.0 = Debug|Any CPU
		{A996CA2F-E234-B42B-EDF8-A9AFFD50E192}.Release|Any CPU.ActiveCfg = Release|Any CPU
		{A996CA2F-E234-B42B-EDF8-A9AFFD50E192}.Release|Any CPU.Build.0 = Release|Any CPU
		{BB672088-2E58-E836-0CB1-3DA8C20BDE55}.Debug|Any CPU.ActiveCfg = Debug|Any CPU
		{BB672088-2E58-E836-0CB1-3DA8C20BDE55}.Debug|Any CPU.Build.0 = Debug|Any CPU
		{BB672088-2E58-E836-0CB1-3DA8C20BDE55}.Release|Any CPU.ActiveCfg = Release|Any CPU
		{BB672088-2E58-E836-0CB1-3DA8C20BDE55}.Release|Any CPU.Build.0 = Release|Any CPU
		{D272B99F-0B49-B0BB-3CA5-266B0960B26F}.Debug|Any CPU.ActiveCfg = Debug|Any CPU
		{D272B99F-0B49-B0BB-3CA5-266B0960B26F}.Debug|Any CPU.Build.0 = Debug|Any CPU
		{D272B99F-0B49-B0BB-3CA5-266B0960B26F}.Release|Any CPU.ActiveCfg = Release|Any CPU
		{D272B99F-0B49-B0BB-3CA5-266B0960B26F}.Release|Any CPU.Build.0 = Release|Any CPU
		{CE796DB9-B91B-BFDB-6FB3-0DAB91A06152}.Debug|Any CPU.ActiveCfg = Debug|Any CPU
		{CE796DB9-B91B-BFDB-6FB3-0DAB91A06152}.Debug|Any CPU.Build.0 = Debug|Any CPU
		{CE796DB9-B91B-BFDB-6FB3-0DAB91A06152}.Release|Any CPU.ActiveCfg = Release|Any CPU
		{CE796DB9-B91B-BFDB-6FB3-0DAB91A06152}.Release|Any CPU.Build.0 = Release|Any CPU
		{7AE3A84B-C491-8CEB-DEEE-D6234EAEBF1D}.Debug|Any CPU.ActiveCfg = Debug|Any CPU
		{7AE3A84B-C491-8CEB-DEEE-D6234EAEBF1D}.Debug|Any CPU.Build.0 = Debug|Any CPU
		{7AE3A84B-C491-8CEB-DEEE-D6234EAEBF1D}.Release|Any CPU.ActiveCfg = Release|Any CPU
		{7AE3A84B-C491-8CEB-DEEE-D6234EAEBF1D}.Release|Any CPU.Build.0 = Release|Any CPU
		{3CC8BACA-10CB-265A-BF37-4F3C234412F2}.Debug|Any CPU.ActiveCfg = Debug|Any CPU
		{3CC8BACA-10CB-265A-BF37-4F3C234412F2}.Debug|Any CPU.Build.0 = Debug|Any CPU
		{3CC8BACA-10CB-265A-BF37-4F3C234412F2}.Release|Any CPU.ActiveCfg = Release|Any CPU
		{3CC8BACA-10CB-265A-BF37-4F3C234412F2}.Release|Any CPU.Build.0 = Release|Any CPU
		{D13658AE-EF48-2E19-06E4-3A294916A4FD}.Debug|Any CPU.ActiveCfg = Debug|Any CPU
		{D13658AE-EF48-2E19-06E4-3A294916A4FD}.Debug|Any CPU.Build.0 = Debug|Any CPU
		{D13658AE-EF48-2E19-06E4-3A294916A4FD}.Release|Any CPU.ActiveCfg = Release|Any CPU
		{D13658AE-EF48-2E19-06E4-3A294916A4FD}.Release|Any CPU.Build.0 = Release|Any CPU
		{3B5BDDF2-62F1-02EF-7BCB-70C59A9E1EA0}.Debug|Any CPU.ActiveCfg = Debug|Any CPU
		{3B5BDDF2-62F1-02EF-7BCB-70C59A9E1EA0}.Debug|Any CPU.Build.0 = Debug|Any CPU
		{3B5BDDF2-62F1-02EF-7BCB-70C59A9E1EA0}.Release|Any CPU.ActiveCfg = Release|Any CPU
		{3B5BDDF2-62F1-02EF-7BCB-70C59A9E1EA0}.Release|Any CPU.Build.0 = Release|Any CPU
		{43C1DC1D-231D-57AC-EBAB-C15377647CD0}.Debug|Any CPU.ActiveCfg = Debug|Any CPU
		{43C1DC1D-231D-57AC-EBAB-C15377647CD0}.Debug|Any CPU.Build.0 = Debug|Any CPU
		{43C1DC1D-231D-57AC-EBAB-C15377647CD0}.Release|Any CPU.ActiveCfg = Release|Any CPU
		{43C1DC1D-231D-57AC-EBAB-C15377647CD0}.Release|Any CPU.Build.0 = Release|Any CPU
		{D2B652CD-370B-D46E-95B5-6930B6FCF6EA}.Debug|Any CPU.ActiveCfg = Debug|Any CPU
		{D2B652CD-370B-D46E-95B5-6930B6FCF6EA}.Debug|Any CPU.Build.0 = Debug|Any CPU
		{D2B652CD-370B-D46E-95B5-6930B6FCF6EA}.Release|Any CPU.ActiveCfg = Release|Any CPU
		{D2B652CD-370B-D46E-95B5-6930B6FCF6EA}.Release|Any CPU.Build.0 = Release|Any CPU
		{E91EC12E-6852-48E0-1F4C-B609BC34939D}.Debug|Any CPU.ActiveCfg = Debug|Any CPU
		{E91EC12E-6852-48E0-1F4C-B609BC34939D}.Debug|Any CPU.Build.0 = Debug|Any CPU
		{E91EC12E-6852-48E0-1F4C-B609BC34939D}.Release|Any CPU.ActiveCfg = Release|Any CPU
		{E91EC12E-6852-48E0-1F4C-B609BC34939D}.Release|Any CPU.Build.0 = Release|Any CPU
		{42B88C79-1FBD-3C2C-6FF3-1BC2FF5CCA28}.Debug|Any CPU.ActiveCfg = Debug|Any CPU
		{42B88C79-1FBD-3C2C-6FF3-1BC2FF5CCA28}.Debug|Any CPU.Build.0 = Debug|Any CPU
		{42B88C79-1FBD-3C2C-6FF3-1BC2FF5CCA28}.Release|Any CPU.ActiveCfg = Release|Any CPU
		{42B88C79-1FBD-3C2C-6FF3-1BC2FF5CCA28}.Release|Any CPU.Build.0 = Release|Any CPU
		{14B92AA7-B754-DC02-7DEA-771C26B89721}.Debug|Any CPU.ActiveCfg = Debug|Any CPU
		{14B92AA7-B754-DC02-7DEA-771C26B89721}.Debug|Any CPU.Build.0 = Debug|Any CPU
		{14B92AA7-B754-DC02-7DEA-771C26B89721}.Release|Any CPU.ActiveCfg = Release|Any CPU
		{14B92AA7-B754-DC02-7DEA-771C26B89721}.Release|Any CPU.Build.0 = Release|Any CPU
		{21F16EF0-C2B0-21CD-C24C-0E2E2B215313}.Debug|Any CPU.ActiveCfg = Debug|Any CPU
		{21F16EF0-C2B0-21CD-C24C-0E2E2B215313}.Debug|Any CPU.Build.0 = Debug|Any CPU
		{21F16EF0-C2B0-21CD-C24C-0E2E2B215313}.Release|Any CPU.ActiveCfg = Release|Any CPU
		{21F16EF0-C2B0-21CD-C24C-0E2E2B215313}.Release|Any CPU.Build.0 = Release|Any CPU
		{370056E8-BC8F-409C-20F5-02A68BA0E2CE}.Debug|Any CPU.ActiveCfg = Debug|Any CPU
		{370056E8-BC8F-409C-20F5-02A68BA0E2CE}.Debug|Any CPU.Build.0 = Debug|Any CPU
		{370056E8-BC8F-409C-20F5-02A68BA0E2CE}.Release|Any CPU.ActiveCfg = Release|Any CPU
		{370056E8-BC8F-409C-20F5-02A68BA0E2CE}.Release|Any CPU.Build.0 = Release|Any CPU
		{002BC88B-5C73-034C-7662-52A1A381A277}.Debug|Any CPU.ActiveCfg = Debug|Any CPU
		{002BC88B-5C73-034C-7662-52A1A381A277}.Debug|Any CPU.Build.0 = Debug|Any CPU
		{002BC88B-5C73-034C-7662-52A1A381A277}.Release|Any CPU.ActiveCfg = Release|Any CPU
		{002BC88B-5C73-034C-7662-52A1A381A277}.Release|Any CPU.Build.0 = Release|Any CPU
		{08EFA1FC-6459-B8B8-8BBE-5A3690D131A1}.Debug|Any CPU.ActiveCfg = Debug|Any CPU
		{08EFA1FC-6459-B8B8-8BBE-5A3690D131A1}.Debug|Any CPU.Build.0 = Debug|Any CPU
		{08EFA1FC-6459-B8B8-8BBE-5A3690D131A1}.Release|Any CPU.ActiveCfg = Release|Any CPU
		{08EFA1FC-6459-B8B8-8BBE-5A3690D131A1}.Release|Any CPU.Build.0 = Release|Any CPU
		{FC1C79BD-D3AB-B1A1-E4A7-5449FF6F30C6}.Debug|Any CPU.ActiveCfg = Debug|Any CPU
		{FC1C79BD-D3AB-B1A1-E4A7-5449FF6F30C6}.Debug|Any CPU.Build.0 = Debug|Any CPU
		{FC1C79BD-D3AB-B1A1-E4A7-5449FF6F30C6}.Release|Any CPU.ActiveCfg = Release|Any CPU
		{FC1C79BD-D3AB-B1A1-E4A7-5449FF6F30C6}.Release|Any CPU.Build.0 = Release|Any CPU
		{3A4C6286-034D-1C1D-C58C-4937F5823BC3}.Debug|Any CPU.ActiveCfg = Debug|Any CPU
		{3A4C6286-034D-1C1D-C58C-4937F5823BC3}.Debug|Any CPU.Build.0 = Debug|Any CPU
		{3A4C6286-034D-1C1D-C58C-4937F5823BC3}.Release|Any CPU.ActiveCfg = Release|Any CPU
		{3A4C6286-034D-1C1D-C58C-4937F5823BC3}.Release|Any CPU.Build.0 = Release|Any CPU
		{2EC48608-1666-C382-C948-BC46CD7285D0}.Debug|Any CPU.ActiveCfg = Debug|Any CPU
		{2EC48608-1666-C382-C948-BC46CD7285D0}.Debug|Any CPU.Build.0 = Debug|Any CPU
		{2EC48608-1666-C382-C948-BC46CD7285D0}.Release|Any CPU.ActiveCfg = Release|Any CPU
		{2EC48608-1666-C382-C948-BC46CD7285D0}.Release|Any CPU.Build.0 = Release|Any CPU
	EndGlobalSection
	GlobalSection(SolutionProperties) = preSolution
		HideSolutionNode = FALSE
	EndGlobalSection
EndGlobal
